
Microsoft Visual Studio Solution File, Format Version 12.00
# Visual Studio Version 17
VisualStudioVersion = 17.11.35303.130
MinimumVisualStudioVersion = 10.0.40219.1
Project("{2150E333-8FDC-42A3-9474-1A3956D46DE8}") = "Task0", "Task0", "{E0DEBA00-FD9F-4DA8-AC6B-6DE2B66AFC92}"
EndProject
Project("{9A19103F-16F7-4668-BE54-9A1E7A4F7556}") = "Tyuiu.KovyazinAA.Sprint3.Task0.V23", "Tyuiu.KovyazinAA.Sprint3.Task0.V23\Tyuiu.KovyazinAA.Sprint3.Task0.V23.csproj", "{7ACDAEE6-965A-47DB-9CAB-9D41C9F0518D}"
EndProject
Project("{9A19103F-16F7-4668-BE54-9A1E7A4F7556}") = "Tyuiu.KovyazinAA.Sprint3.Task0.V23.Lib", "Tyuiu.KovyazinAA.Sprint3.Task0.V23.Lib\Tyuiu.KovyazinAA.Sprint3.Task0.V23.Lib.csproj", "{99A94068-25A6-4862-8E82-72347FF0D8A0}"
EndProject
Project("{9A19103F-16F7-4668-BE54-9A1E7A4F7556}") = "Tyuiu.KovyazinAA.Sprint3.Task0.V23.Test", "Tyuiu.KovyazinAA.Sprint3.Task0.V23.Test\Tyuiu.KovyazinAA.Sprint3.Task0.V23.Test.csproj", "{AC8B08E6-5360-4A0B-9DBA-3A8CD8B48FB7}"
EndProject
Project("{2150E333-8FDC-42A3-9474-1A3956D46DE8}") = "Task1", "Task1", "{74FCB937-F842-4744-91B8-AD24B1AF88FE}"
EndProject
Project("{9A19103F-16F7-4668-BE54-9A1E7A4F7556}") = "Tyuiu.KovyazinAA.Sprint3.Task1.V9", "Tyuiu.KovyazinAA.Sprint3.Task1.V9\Tyuiu.KovyazinAA.Sprint3.Task1.V9.csproj", "{DBEA14A4-1AEE-4F43-8E5F-86E9DDD723F3}"
EndProject
Project("{9A19103F-16F7-4668-BE54-9A1E7A4F7556}") = "Tyuiu.KovyazinAA.Sprint3.Task1.V9.Lib", "Tyuiu.KovyazinAA.Sprint3.Task1.V9.Lib\Tyuiu.KovyazinAA.Sprint3.Task1.V9.Lib.csproj", "{200C156D-C4D4-4785-89A0-6A26DA5C92E6}"
EndProject
Project("{9A19103F-16F7-4668-BE54-9A1E7A4F7556}") = "Tyuiu.KovyazinAA.Sprint3.Task1.V9.Test", "Tyuiu.KovyazinAA.Sprint3.Task1.V9.Test\Tyuiu.KovyazinAA.Sprint3.Task1.V9.Test.csproj", "{95509F4E-F940-4E08-A22E-5835A8199C67}"
EndProject
Project("{2150E333-8FDC-42A3-9474-1A3956D46DE8}") = "Task2", "Task2", "{BBED3F1F-813D-4880-B8F0-66829F921C23}"
EndProject
Project("{9A19103F-16F7-4668-BE54-9A1E7A4F7556}") = "Tyuiu.KovyazinAA.Sprint3.Task2.V30", "Tyuiu.KovyazinAA.Sprint3.Task2.V30\Tyuiu.KovyazinAA.Sprint3.Task2.V30.csproj", "{E20059B1-4558-4A74-8452-753E767EC956}"
EndProject
Project("{9A19103F-16F7-4668-BE54-9A1E7A4F7556}") = "Tyuiu.KovyazinAA.Sprint3.Task2.V30.Lib", "Tyuiu.KovyazinAA.Sprint3.Task2.V30.Lib\Tyuiu.KovyazinAA.Sprint3.Task2.V30.Lib.csproj", "{A9BD925F-8953-4765-B36E-F5632E9586FD}"
EndProject
Project("{9A19103F-16F7-4668-BE54-9A1E7A4F7556}") = "Tyuiu.KovyazinAA.Sprint3.Task2.V30.Test", "Tyuiu.KovyazinAA.Sprint3.Task2.V30.Test\Tyuiu.KovyazinAA.Sprint3.Task2.V30.Test.csproj", "{E836C0A7-1EE0-4BF0-8C16-C9049FE691CB}"
EndProject
Project("{2150E333-8FDC-42A3-9474-1A3956D46DE8}") = "Task3", "Task3", "{AE1EA3A9-7F3E-4386-B501-1267B83B669C}"
EndProject
Project("{9A19103F-16F7-4668-BE54-9A1E7A4F7556}") = "Tyuiu.KovyazinAA.Sprint3.Task3.V7", "Tyuiu.KovyazinAA.Sprint3.Task3.V7\Tyuiu.KovyazinAA.Sprint3.Task3.V7.csproj", "{1A1B60D0-F939-4831-87F5-62C734ACE6C5}"
EndProject
Project("{9A19103F-16F7-4668-BE54-9A1E7A4F7556}") = "Tyuiu.KovyazinAA.Sprint3.Task3.V7.Lib", "Tyuiu.KovyazinAA.Sprint3.Task3.V7.Lib\Tyuiu.KovyazinAA.Sprint3.Task3.V7.Lib.csproj", "{EF1F2D62-D5CD-4D79-98AE-3AF45F43790E}"
EndProject
Project("{9A19103F-16F7-4668-BE54-9A1E7A4F7556}") = "Tyuiu.KovyazinAA.Sprint3.Task3.V7.Test", "Tyuiu.KovyazinAA.Sprint3.Task3.V7.Test\Tyuiu.KovyazinAA.Sprint3.Task3.V7.Test.csproj", "{7843D40C-4BFC-4E09-8086-42755131DD8B}"
EndProject
Project("{2150E333-8FDC-42A3-9474-1A3956D46DE8}") = "Task4", "Task4", "{1AD48FC6-F9EE-4579-8B87-48600063F726}"
EndProject
Project("{9A19103F-16F7-4668-BE54-9A1E7A4F7556}") = "Tyuiu.KovyazinAA.Sprint3.Task4.V3", "Tyuiu.KovyazinAA.Sprint3.Task4.V3\Tyuiu.KovyazinAA.Sprint3.Task4.V3.csproj", "{50854A1A-8458-49AA-AA26-0BFBA40CFCFE}"
EndProject
Project("{9A19103F-16F7-4668-BE54-9A1E7A4F7556}") = "Tyuiu.KovyazinAA.Sprint3.Task4.V3.Lib", "Tyuiu.KovyazinAA.Sprint3.Task4.V3.Lib\Tyuiu.KovyazinAA.Sprint3.Task4.V3.Lib.csproj", "{000EA621-B209-4FD9-BE1E-771F01EADE0B}"
EndProject
Project("{9A19103F-16F7-4668-BE54-9A1E7A4F7556}") = "Tyuiu.KovyazinAA.Sprint3.Task4.V3.Test", "Tyuiu.KovyazinAA.Sprint3.Task4.V3.Test\Tyuiu.KovyazinAA.Sprint3.Task4.V3.Test.csproj", "{50C908C3-02A1-4D0E-BE3C-47F34A5CC5EA}"
EndProject
Project("{2150E333-8FDC-42A3-9474-1A3956D46DE8}") = "Task5", "Task5", "{2283AEBF-57C6-469A-A36E-476DAF113F8E}"
EndProject
Project("{FAE04EC0-301F-11D3-BF4B-00C04F79EFBC}") = "Tyuiu.KovyazinAA.Sprint3.Task5.V17", "Tyuiu.KovyazinAA.Sprint3.Task5.V17\Tyuiu.KovyazinAA.Sprint3.Task5.V17.csproj", "{6389FD48-FADA-41EB-AD69-7992BD679205}"
EndProject
Project("{FAE04EC0-301F-11D3-BF4B-00C04F79EFBC}") = "Tyuiu.KovyazinAA.Sprint3.Task5.V17.Lib", "Tyuiu.KovyazinAA.Sprint3.Task5.V17.Lib\Tyuiu.KovyazinAA.Sprint3.Task5.V17.Lib.csproj", "{ADE9AFF3-3247-4F4D-A96A-A7188F05A316}"
EndProject
Project("{FAE04EC0-301F-11D3-BF4B-00C04F79EFBC}") = "Tyuiu.KovyazinAA.Sprint3.Task5.V17.Test", "Tyuiu.KovyazinAA.Sprint3.Task5.V17.Test\Tyuiu.KovyazinAA.Sprint3.Task5.V17.Test.csproj", "{4D8B4ABF-5DE6-4CF3-ACAC-1507CB342620}"
EndProject
Global
	GlobalSection(SolutionConfigurationPlatforms) = preSolution
		Debug|Any CPU = Debug|Any CPU
		Release|Any CPU = Release|Any CPU
	EndGlobalSection
	GlobalSection(ProjectConfigurationPlatforms) = postSolution
		{7ACDAEE6-965A-47DB-9CAB-9D41C9F0518D}.Debug|Any CPU.ActiveCfg = Debug|Any CPU
		{7ACDAEE6-965A-47DB-9CAB-9D41C9F0518D}.Debug|Any CPU.Build.0 = Debug|Any CPU
		{7ACDAEE6-965A-47DB-9CAB-9D41C9F0518D}.Release|Any CPU.ActiveCfg = Release|Any CPU
		{7ACDAEE6-965A-47DB-9CAB-9D41C9F0518D}.Release|Any CPU.Build.0 = Release|Any CPU
		{99A94068-25A6-4862-8E82-72347FF0D8A0}.Debug|Any CPU.ActiveCfg = Debug|Any CPU
		{99A94068-25A6-4862-8E82-72347FF0D8A0}.Debug|Any CPU.Build.0 = Debug|Any CPU
		{99A94068-25A6-4862-8E82-72347FF0D8A0}.Release|Any CPU.ActiveCfg = Release|Any CPU
		{99A94068-25A6-4862-8E82-72347FF0D8A0}.Release|Any CPU.Build.0 = Release|Any CPU
		{AC8B08E6-5360-4A0B-9DBA-3A8CD8B48FB7}.Debug|Any CPU.ActiveCfg = Debug|Any CPU
		{AC8B08E6-5360-4A0B-9DBA-3A8CD8B48FB7}.Debug|Any CPU.Build.0 = Debug|Any CPU
		{AC8B08E6-5360-4A0B-9DBA-3A8CD8B48FB7}.Release|Any CPU.ActiveCfg = Release|Any CPU
		{AC8B08E6-5360-4A0B-9DBA-3A8CD8B48FB7}.Release|Any CPU.Build.0 = Release|Any CPU
		{DBEA14A4-1AEE-4F43-8E5F-86E9DDD723F3}.Debug|Any CPU.ActiveCfg = Debug|Any CPU
		{DBEA14A4-1AEE-4F43-8E5F-86E9DDD723F3}.Debug|Any CPU.Build.0 = Debug|Any CPU
		{DBEA14A4-1AEE-4F43-8E5F-86E9DDD723F3}.Release|Any CPU.ActiveCfg = Release|Any CPU
		{DBEA14A4-1AEE-4F43-8E5F-86E9DDD723F3}.Release|Any CPU.Build.0 = Release|Any CPU
		{200C156D-C4D4-4785-89A0-6A26DA5C92E6}.Debug|Any CPU.ActiveCfg = Debug|Any CPU
		{200C156D-C4D4-4785-89A0-6A26DA5C92E6}.Debug|Any CPU.Build.0 = Debug|Any CPU
		{200C156D-C4D4-4785-89A0-6A26DA5C92E6}.Release|Any CPU.ActiveCfg = Release|Any CPU
		{200C156D-C4D4-4785-89A0-6A26DA5C92E6}.Release|Any CPU.Build.0 = Release|Any CPU
		{95509F4E-F940-4E08-A22E-5835A8199C67}.Debug|Any CPU.ActiveCfg = Debug|Any CPU
		{95509F4E-F940-4E08-A22E-5835A8199C67}.Debug|Any CPU.Build.0 = Debug|Any CPU
		{95509F4E-F940-4E08-A22E-5835A8199C67}.Release|Any CPU.ActiveCfg = Release|Any CPU
		{95509F4E-F940-4E08-A22E-5835A8199C67}.Release|Any CPU.Build.0 = Release|Any CPU
		{E20059B1-4558-4A74-8452-753E767EC956}.Debug|Any CPU.ActiveCfg = Debug|Any CPU
		{E20059B1-4558-4A74-8452-753E767EC956}.Debug|Any CPU.Build.0 = Debug|Any CPU
		{E20059B1-4558-4A74-8452-753E767EC956}.Release|Any CPU.ActiveCfg = Release|Any CPU
		{E20059B1-4558-4A74-8452-753E767EC956}.Release|Any CPU.Build.0 = Release|Any CPU
		{A9BD925F-8953-4765-B36E-F5632E9586FD}.Debug|Any CPU.ActiveCfg = Debug|Any CPU
		{A9BD925F-8953-4765-B36E-F5632E9586FD}.Debug|Any CPU.Build.0 = Debug|Any CPU
		{A9BD925F-8953-4765-B36E-F5632E9586FD}.Release|Any CPU.ActiveCfg = Release|Any CPU
		{A9BD925F-8953-4765-B36E-F5632E9586FD}.Release|Any CPU.Build.0 = Release|Any CPU
		{E836C0A7-1EE0-4BF0-8C16-C9049FE691CB}.Debug|Any CPU.ActiveCfg = Debug|Any CPU
		{E836C0A7-1EE0-4BF0-8C16-C9049FE691CB}.Debug|Any CPU.Build.0 = Debug|Any CPU
		{E836C0A7-1EE0-4BF0-8C16-C9049FE691CB}.Release|Any CPU.ActiveCfg = Release|Any CPU
		{E836C0A7-1EE0-4BF0-8C16-C9049FE691CB}.Release|Any CPU.Build.0 = Release|Any CPU
		{1A1B60D0-F939-4831-87F5-62C734ACE6C5}.Debug|Any CPU.ActiveCfg = Debug|Any CPU
		{1A1B60D0-F939-4831-87F5-62C734ACE6C5}.Debug|Any CPU.Build.0 = Debug|Any CPU
		{1A1B60D0-F939-4831-87F5-62C734ACE6C5}.Release|Any CPU.ActiveCfg = Release|Any CPU
		{1A1B60D0-F939-4831-87F5-62C734ACE6C5}.Release|Any CPU.Build.0 = Release|Any CPU
		{EF1F2D62-D5CD-4D79-98AE-3AF45F43790E}.Debug|Any CPU.ActiveCfg = Debug|Any CPU
		{EF1F2D62-D5CD-4D79-98AE-3AF45F43790E}.Debug|Any CPU.Build.0 = Debug|Any CPU
		{EF1F2D62-D5CD-4D79-98AE-3AF45F43790E}.Release|Any CPU.ActiveCfg = Release|Any CPU
		{EF1F2D62-D5CD-4D79-98AE-3AF45F43790E}.Release|Any CPU.Build.0 = Release|Any CPU
		{7843D40C-4BFC-4E09-8086-42755131DD8B}.Debug|Any CPU.ActiveCfg = Debug|Any CPU
		{7843D40C-4BFC-4E09-8086-42755131DD8B}.Debug|Any CPU.Build.0 = Debug|Any CPU
		{7843D40C-4BFC-4E09-8086-42755131DD8B}.Release|Any CPU.ActiveCfg = Release|Any CPU
		{7843D40C-4BFC-4E09-8086-42755131DD8B}.Release|Any CPU.Build.0 = Release|Any CPU
		{50854A1A-8458-49AA-AA26-0BFBA40CFCFE}.Debug|Any CPU.ActiveCfg = Debug|Any CPU
		{50854A1A-8458-49AA-AA26-0BFBA40CFCFE}.Debug|Any CPU.Build.0 = Debug|Any CPU
		{50854A1A-8458-49AA-AA26-0BFBA40CFCFE}.Release|Any CPU.ActiveCfg = Release|Any CPU
		{50854A1A-8458-49AA-AA26-0BFBA40CFCFE}.Release|Any CPU.Build.0 = Release|Any CPU
		{000EA621-B209-4FD9-BE1E-771F01EADE0B}.Debug|Any CPU.ActiveCfg = Debug|Any CPU
		{000EA621-B209-4FD9-BE1E-771F01EADE0B}.Debug|Any CPU.Build.0 = Debug|Any CPU
		{000EA621-B209-4FD9-BE1E-771F01EADE0B}.Release|Any CPU.ActiveCfg = Release|Any CPU
		{000EA621-B209-4FD9-BE1E-771F01EADE0B}.Release|Any CPU.Build.0 = Release|Any CPU
		{50C908C3-02A1-4D0E-BE3C-47F34A5CC5EA}.Debug|Any CPU.ActiveCfg = Debug|Any CPU
		{50C908C3-02A1-4D0E-BE3C-47F34A5CC5EA}.Debug|Any CPU.Build.0 = Debug|Any CPU
		{50C908C3-02A1-4D0E-BE3C-47F34A5CC5EA}.Release|Any CPU.ActiveCfg = Release|Any CPU
		{50C908C3-02A1-4D0E-BE3C-47F34A5CC5EA}.Release|Any CPU.Build.0 = Release|Any CPU
		{6389FD48-FADA-41EB-AD69-7992BD679205}.Debug|Any CPU.ActiveCfg = Debug|Any CPU
		{6389FD48-FADA-41EB-AD69-7992BD679205}.Debug|Any CPU.Build.0 = Debug|Any CPU
		{6389FD48-FADA-41EB-AD69-7992BD679205}.Release|Any CPU.ActiveCfg = Release|Any CPU
		{6389FD48-FADA-41EB-AD69-7992BD679205}.Release|Any CPU.Build.0 = Release|Any CPU
		{ADE9AFF3-3247-4F4D-A96A-A7188F05A316}.Debug|Any CPU.ActiveCfg = Debug|Any CPU
		{ADE9AFF3-3247-4F4D-A96A-A7188F05A316}.Debug|Any CPU.Build.0 = Debug|Any CPU
		{ADE9AFF3-3247-4F4D-A96A-A7188F05A316}.Release|Any CPU.ActiveCfg = Release|Any CPU
		{ADE9AFF3-3247-4F4D-A96A-A7188F05A316}.Release|Any CPU.Build.0 = Release|Any CPU
		{4D8B4ABF-5DE6-4CF3-ACAC-1507CB342620}.Debug|Any CPU.ActiveCfg = Debug|Any CPU
		{4D8B4ABF-5DE6-4CF3-ACAC-1507CB342620}.Debug|Any CPU.Build.0 = Debug|Any CPU
		{4D8B4ABF-5DE6-4CF3-ACAC-1507CB342620}.Release|Any CPU.ActiveCfg = Release|Any CPU
		{4D8B4ABF-5DE6-4CF3-ACAC-1507CB342620}.Release|Any CPU.Build.0 = Release|Any CPU
	EndGlobalSection
	GlobalSection(SolutionProperties) = preSolution
		HideSolutionNode = FALSE
	EndGlobalSection
	GlobalSection(NestedProjects) = preSolution
		{7ACDAEE6-965A-47DB-9CAB-9D41C9F0518D} = {E0DEBA00-FD9F-4DA8-AC6B-6DE2B66AFC92}
		{99A94068-25A6-4862-8E82-72347FF0D8A0} = {E0DEBA00-FD9F-4DA8-AC6B-6DE2B66AFC92}
		{AC8B08E6-5360-4A0B-9DBA-3A8CD8B48FB7} = {E0DEBA00-FD9F-4DA8-AC6B-6DE2B66AFC92}
		{DBEA14A4-1AEE-4F43-8E5F-86E9DDD723F3} = {74FCB937-F842-4744-91B8-AD24B1AF88FE}
		{200C156D-C4D4-4785-89A0-6A26DA5C92E6} = {74FCB937-F842-4744-91B8-AD24B1AF88FE}
		{95509F4E-F940-4E08-A22E-5835A8199C67} = {74FCB937-F842-4744-91B8-AD24B1AF88FE}
		{E20059B1-4558-4A74-8452-753E767EC956} = {BBED3F1F-813D-4880-B8F0-66829F921C23}
		{A9BD925F-8953-4765-B36E-F5632E9586FD} = {BBED3F1F-813D-4880-B8F0-66829F921C23}
		{E836C0A7-1EE0-4BF0-8C16-C9049FE691CB} = {BBED3F1F-813D-4880-B8F0-66829F921C23}
		{1A1B60D0-F939-4831-87F5-62C734ACE6C5} = {AE1EA3A9-7F3E-4386-B501-1267B83B669C}
		{EF1F2D62-D5CD-4D79-98AE-3AF45F43790E} = {AE1EA3A9-7F3E-4386-B501-1267B83B669C}
		{7843D40C-4BFC-4E09-8086-42755131DD8B} = {AE1EA3A9-7F3E-4386-B501-1267B83B669C}
		{50854A1A-8458-49AA-AA26-0BFBA40CFCFE} = {1AD48FC6-F9EE-4579-8B87-48600063F726}
		{000EA621-B209-4FD9-BE1E-771F01EADE0B} = {1AD48FC6-F9EE-4579-8B87-48600063F726}
		{50C908C3-02A1-4D0E-BE3C-47F34A5CC5EA} = {1AD48FC6-F9EE-4579-8B87-48600063F726}
		{6389FD48-FADA-41EB-AD69-7992BD679205} = {2283AEBF-57C6-469A-A36E-476DAF113F8E}
		{ADE9AFF3-3247-4F4D-A96A-A7188F05A316} = {2283AEBF-57C6-469A-A36E-476DAF113F8E}
		{4D8B4ABF-5DE6-4CF3-ACAC-1507CB342620} = {2283AEBF-57C6-469A-A36E-476DAF113F8E}
	EndGlobalSection
	GlobalSection(ExtensibilityGlobals) = postSolution
		SolutionGuid = {5839607A-5BF2-4730-A68F-974E1816ADE0}
	EndGlobalSection
EndGlobal
